
Microsoft Visual Studio Solution File, Format Version 12.00
# Visual Studio Version 17
VisualStudioVersion = 17.14.36429.23 d17.14
MinimumVisualStudioVersion = 10.0.40219.1
Project("{FAE04EC0-301F-11D3-BF4B-00C04F79EFBC}") = "CoffeeShop", "CoffeeShop\CoffeeShop.csproj", "{D04AD5F8-C5DB-44FE-A441-5727DA2B82D6}"
EndProject
Global
	GlobalSection(SolutionConfigurationPlatforms) = preSolution
		Debug|Any CPU = Debug|Any CPU
		Release|Any CPU = Release|Any CPU
	EndGlobalSection
	GlobalSection(ProjectConfigurationPlatforms) = postSolution
		{D04AD5F8-C5DB-44FE-A441-5727DA2B82D6}.Debug|Any CPU.ActiveCfg = Debug|Any CPU
		{D04AD5F8-C5DB-44FE-A441-5727DA2B82D6}.Debug|Any CPU.Build.0 = Debug|Any CPU
		{D04AD5F8-C5DB-44FE-A441-5727DA2B82D6}.Release|Any CPU.ActiveCfg = Release|Any CPU
		{D04AD5F8-C5DB-44FE-A441-5727DA2B82D6}.Release|Any CPU.Build.0 = Release|Any CPU
	EndGlobalSection
	GlobalSection(SolutionProperties) = preSolution
		HideSolutionNode = FALSE
	EndGlobalSection
	GlobalSection(ExtensibilityGlobals) = postSolution
		SolutionGuid = {936309BE-E8CF-4932-B37E-47859352A523}
	EndGlobalSection
EndGlobal
